annotated-doc==0.0.5
annotated-types==0.8.0
anyio==4.15.1
certifi==2026.7.22
charset-normalizer==3.5.2
click==8.5.0
cloudscraper==1.2.71
colorama==0.4.6
fastapi==0.143.0
h11==0.16.0
httpcore2==2.13.1
httpx2==2.13.1
idna==3.20
iniconfig==2.3.1
opentelemetry-api==1.45.1
packaging==26.3
pixivpy3==3.7.5
pluggy==1.6.0
pydantic==2.14.0
pydantic_core==2.50.0
Pygments==2.21.0
pyparsing==3.3.3
pytest==9.1.1
python-multipart==0.0.32
PyYAML==6.0.3
requests==2.34.2
requests-toolbelt==1.0.0
ruff==0.16.10
starlette==1.7.0
truststore==0.10.4
typing-inspection==0.4.4
typing_extensions==4.16.0
tzdata==2026.5
urllib3==2.8.0
uvicorn==0.54.0
websockets==17.2
